
Microsoft Visual Studio Solution File, Format Version 12.00
# Visual Studio Version 16
VisualStudioVersion = 16.0.29020.237
MinimumVisualStudioVersion = 10.0.40219.1
Project("{8BC9CEB8-8B4A-11D0-8D11-00A0C91BC942}") = "example", "example.vcxproj", "{9098D689-5F40-4BAC-8B01-3B3291CB349E}"
EndProject
Project("{8BC9CEB8-8B4A-11D0-8D11-00A0C91BC942}") = "tests", "..\..\tests\emp_tests.vcxproj", "{10639695-3251-4301-B3CB-D2EAE579F781}"
EndProject
Global
	GlobalSection(SolutionConfigurationPlatforms) = preSolution
		Debug|x64 = Debug|x64
		Debug|x86 = Debug|x86
		Release|x64 = Release|x64
		Release|x86 = Release|x86
	EndGlobalSection
	GlobalSection(ProjectConfigurationPlatforms) = postSolution
		{9098D689-5F40-4BAC-8B01-3B3291CB349E}.Debug|x64.ActiveCfg = Debug|x64
		{9098D689-5F40-4BAC-8B01-3B3291CB349E}.Debug|x64.Build.0 = Debug|x64
		{9098D689-5F40-4BAC-8B01-3B3291CB349E}.Debug|x86.ActiveCfg = Debug|Win32
		{9098D689-5F40-4BAC-8B01-3B3291CB349E}.Debug|x86.Build.0 = Debug|Win32
		{9098D689-5F40-4BAC-8B01-3B3291CB349E}.Release|x64.ActiveCfg = Release|x64
		{9098D689-5F40-4BAC-8B01-3B3291CB349E}.Release|x64.Build.0 = Release|x64
		{9098D689-5F40-4BAC-8B01-3B3291CB349E}.Release|x86.ActiveCfg = Release|Win32
		{9098D689-5F40-4BAC-8B01-3B3291CB349E}.Release|x86.Build.0 = Release|Win32
		{10639695-3251-4301-B3CB-D2EAE579F781}.Debug|x64.ActiveCfg = Debug|x64
		{10639695-3251-4301-B3CB-D2EAE579F781}.Debug|x64.Build.0 = Debug|x64
		{10639695-3251-4301-B3CB-D2EAE579F781}.Debug|x86.ActiveCfg = Debug|Win32
		{10639695-3251-4301-B3CB-D2EAE579F781}.Debug|x86.Build.0 = Debug|Win32
		{10639695-3251-4301-B3CB-D2EAE579F781}.Release|x64.ActiveCfg = Release|x64
		{10639695-3251-4301-B3CB-D2EAE579F781}.Release|x64.Build.0 = Release|x64
		{10639695-3251-4301-B3CB-D2EAE579F781}.Release|x86.ActiveCfg = Release|Win32
		{10639695-3251-4301-B3CB-D2EAE579F781}.Release|x86.Build.0 = Release|Win32
	EndGlobalSection
	GlobalSection(SolutionProperties) = preSolution
		HideSolutionNode = FALSE
	EndGlobalSection
	GlobalSection(ExtensibilityGlobals) = postSolution
		SolutionGuid = {BD4C9151-6AF1-4D2B-B380-2A6B01C9AD05}
	EndGlobalSection
EndGlobal
